// !$*UTF8*$!
{
	archiveVersion = 1;
	classes = {
	};
	objectVersion = 56;
	objects = {

/* Begin PBXBuildFile section */
		C0DBB9E0294A95FD0074FB73 /* AppDelegate.swift in Sources */ = {isa = PBXBuildFile; fileRef = C0DBB9DF294A95FD0074FB73 /* AppDelegate.swift */; };
		C0DBB9E2294A95FD0074FB73 /* ViewController.swift in Sources */ = {isa = PBXBuildFile; fileRef = C0DBB9E1294A95FD0074FB73 /* ViewController.swift */; };
		C0DBB9E4294A96010074FB73 /* Assets.xcassets in Resources */ = {isa = PBXBuildFile; fileRef = C0DBB9E3294A96010074FB73 /* Assets.xcassets */; };
		C0DBB9E7294A96010074FB73 /* Main.storyboard in Resources */ = {isa = PBXBuildFile; fileRef = C0DBB9E5294A96010074FB73 /* Main.storyboard */; };
		C0DBB9F2294A96010074FB73 /* Quick_notesTests.swift in Sources */ = {isa = PBXBuildFile; fileRef = C0DBB9F1294A96010074FB73 /* Quick_notesTests.swift */; };
		C0DBB9FC294A96020074FB73 /* Quick_notesUITests.swift in Sources */ = {isa = PBXBuildFile; fileRef = C0DBB9FB294A96020074FB73 /* Quick_notesUITests.swift */; };
		C0DBB9FE294A96020074FB73 /* Quick_notesUITestsLaunchTests.swift in Sources */ = {isa = PBXBuildFile; fileRef = C0DBB9FD294A96020074FB73 /* Quick_notesUITestsLaunchTests.swift */; };
/* End PBXBuildFile section */

/* Begin PBXContainerItemProxy section */
		C0DBB9EE294A96010074FB73 /* PBXContainerItemProxy */ = {
			isa = PBXContainerItemProxy;
			containerPortal = C0DBB9D4294A95FD0074FB73 /* Project object */;
			proxyType = 1;
			remoteGlobalIDString = C0DBB9DB294A95FD0074FB73;
			remoteInfo = "Quick notes";
		};
		C0DBB9F8294A96020074FB73 /* PBXContainerItemProxy */ = {
			isa = PBXContainerItemProxy;
			containerPortal = C0DBB9D4294A95FD0074FB73 /* Project object */;
			proxyType = 1;
			remoteGlobalIDString = C0DBB9DB294A95FD0074FB73;
			remoteInfo = "Quick notes";
		};
/* End PBXContainerItemProxy section */

/* Begin PBXFileReference section */
		C0DBB9DC294A95FD0074FB73 /* Quick notes.app */ = {isa = PBXFileReference; explicitFileType = wrapper.application; includeInIndex = 0; path = "Quick notes.app"; sourceTree = BUILT_PRODUCTS_DIR; };
		C0DBB9DF294A95FD0074FB73 /* AppDelegate.swift */ = {isa = PBXFileReference; lastKnownFileType = sourcecode.swift; path = AppDelegate.swift; sourceTree = "<group>"; };
		C0DBB9E1294A95FD0074FB73 /* ViewController.swift */ = {isa = PBXFileReference; lastKnownFileType = sourcecode.swift; path = ViewController.swift; sourceTree = "<group>"; };
		C0DBB9E3294A96010074FB73 /* Assets.xcassets */ = {isa = PBXFileReference; lastKnownFileType = folder.assetcatalog; path = Assets.xcassets; sourceTree = "<group>"; };
		C0DBB9E6294A96010074FB73 /* Base */ = {isa = PBXFileReference; lastKnownFileType = file.storyboard; name = Base; path = Base.lproj/Main.storyboard; sourceTree = "<group>"; };
		C0DBB9E8294A96010074FB73 /* Quick_notes.entitlements */ = {isa = PBXFileReference; lastKnownFileType = text.plist.entitlements; path = Quick_notes.entitlements; sourceTree = "<group>"; };
		C0DBB9ED294A96010074FB73 /* Quick notesTests.xctest */ = {isa = PBXFileReference; explicitFileType = wrapper.cfbundle; includeInIndex = 0; path = "Quick notesTests.xctest"; sourceTree = BUILT_PRODUCTS_DIR; };
		C0DBB9F1294A96010074FB73 /* Quick_notesTests.swift */ = {isa = PBXFileReference; lastKnownFileType = sourcecode.swift; path = Quick_notesTests.swift; sourceTree = "<group>"; };
		C0DBB9F7294A96020074FB73 /* Quick notesUITests.xctest */ = {isa = PBXFileReference; explicitFileType = wrapper.cfbundle; includeInIndex = 0; path = "Quick notesUITests.xctest"; sourceTree = BUILT_PRODUCTS_DIR; };
		C0DBB9FB294A96020074FB73 /* Quick_notesUITests.swift */ = {isa = PBXFileReference; lastKnownFileType = sourcecode.swift; path = Quick_notesUITests.swift; sourceTree = "<group>"; };
		C0DBB9FD294A96020074FB73 /* Quick_notesUITestsLaunchTests.swift */ = {isa = PBXFileReference; lastKnownFileType = sourcecode.swift; path = Quick_notesUITestsLaunchTests.swift; sourceTree = "<group>"; };
/* End PBXFileReference section */

/* Begin PBXFrameworksBuildPhase section */
		C0DBB9D9294A95FD0074FB73 /* Frameworks */ = {
			isa = PBXFrameworksBuildPhase;
			buildActionMask = 2147483647;
			files = (
			);
			runOnlyForDeploymentPostprocessing = 0;
		};
		C0DBB9EA294A96010074FB73 /* Frameworks */ = {
			isa = PBXFrameworksBuildPhase;
			buildActionMask = 2147483647;
			files = (
			);
			runOnlyForDeploymentPostprocessing = 0;
		};
		C0DBB9F4294A96020074FB73 /* Frameworks */ = {
			isa = PBXFrameworksBuildPhase;
			buildActionMask = 2147483647;
			files = (
			);
			runOnlyForDeploymentPostprocessing = 0;
		};
/* End PBXFrameworksBuildPhase section */

/* Begin PBXGroup section */
		C0DBB9D3294A95FD0074FB73 = {
			isa = PBXGroup;
			children = (
				C0DBB9DE294A95FD0074FB73 /* Quick notes */,
				C0DBB9F0294A96010074FB73 /* Quick notesTests */,
				C0DBB9FA294A96020074FB73 /* Quick notesUITests */,
				C0DBB9DD294A95FD0074FB73 /* Products */,
			);
			sourceTree = "<group>";
		};
		C0DBB9DD294A95FD0074FB73 /* Products */ = {
			isa = PBXGroup;
			children = (
				C0DBB9DC294A95FD0074FB73 /* Quick notes.app */,
				C0DBB9ED294A96010074FB73 /* Quick notesTests.xctest */,
				C0DBB9F7294A96020074FB73 /* Quick notesUITests.xctest */,
			);
			name = Products;
			sourceTree = "<group>";
		};
		C0DBB9DE294A95FD0074FB73 /* Quick notes */ = {
			isa = PBXGroup;
			children = (
				C0DBB9DF294A95FD0074FB73 /* AppDelegate.swift */,
				C0DBB9E1294A95FD0074FB73 /* ViewController.swift */,
				C0DBB9E3294A96010074FB73 /* Assets.xcassets */,
				C0DBB9E5294A96010074FB73 /* Main.storyboard */,
				C0DBB9E8294A96010074FB73 /* Quick_notes.entitlements */,
			);
			path = "Quick notes";
			sourceTree = "<group>";
		};
		C0DBB9F0294A96010074FB73 /* Quick notesTests */ = {
			isa = PBXGroup;
			children = (
				C0DBB9F1294A96010074FB73 /* Quick_notesTests.swift */,
			);
			path = "Quick notesTests";
			sourceTree = "<group>";
		};
		C0DBB9FA294A96020074FB73 /* Quick notesUITests */ = {
			isa = PBXGroup;
			children = (
				C0DBB9FB294A96020074FB73 /* Quick_notesUITests.swift */,
				C0DBB9FD294A96020074FB73 /* Quick_notesUITestsLaunchTests.swift */,
			);
			path = "Quick notesUITests";
			sourceTree = "<group>";
		};
/* End PBXGroup section */

/* Begin PBXNativeTarget section */
		C0DBB9DB294A95FD0074FB73 /* Quick notes */ = {
			isa = PBXNativeTarget;
			buildConfigurationList = C0DBBA01294A96020074FB73 /* Build configuration list for PBXNativeTarget "Quick notes" */;
			buildPhases = (
				C0DBB9D8294A95FD0074FB73 /* Sources */,
				C0DBB9D9294A95FD0074FB73 /* Frameworks */,
				C0DBB9DA294A95FD0074FB73 /* Resources */,
			);
			buildRules = (
			);
			dependencies = (
			);
			name = "Quick notes";
			productName = "Quick notes";
			productReference = C0DBB9DC294A95FD0074FB73 /* Quick notes.app */;
			productType = "com.apple.product-type.application";
		};
		C0DBB9EC294A96010074FB73 /* Quick notesTests */ = {
			isa = PBXNativeTarget;
			buildConfigurationList = C0DBBA04294A96020074FB73 /* Build configuration list for PBXNativeTarget "Quick notesTests" */;
			buildPhases = (
				C0DBB9E9294A96010074FB73 /* Sources */,
				C0DBB9EA294A96010074FB73 /* Frameworks */,
				C0DBB9EB294A96010074FB73 /* Resources */,
			);
			buildRules = (
			);
			dependencies = (
				C0DBB9EF294A96010074FB73 /* PBXTargetDependency */,
			);
			name = "Quick notesTests";
			productName = "Quick notesTests";
			productReference = C0DBB9ED294A96010074FB73 /* Quick notesTests.xctest */;
			productType = "com.apple.product-type.bundle.unit-test";
		};
		C0DBB9F6294A96020074FB73 /* Quick notesUITests */ = {
			isa = PBXNativeTarget;
			buildConfigurationList = C0DBBA07294A96020074FB73 /* Build configuration list for PBXNativeTarget "Quick notesUITests" */;
			buildPhases = (
				C0DBB9F3294A96020074FB73 /* Sources */,
				C0DBB9F4294A96020074FB73 /* Frameworks */,
				C0DBB9F5294A96020074FB73 /* Resources */,
			);
			buildRules = (
			);
			dependencies = (
				C0DBB9F9294A96020074FB73 /* PBXTargetDependency */,
			);
			name = "Quick notesUITests";
			productName = "Quick notesUITests";
			productReference = C0DBB9F7294A96020074FB73 /* Quick notesUITests.xctest */;
			productType = "com.apple.product-type.bundle.ui-testing";
		};
/* End PBXNativeTarget section */

/* Begin PBXProject section */
		C0DBB9D4294A95FD0074FB73 /* Project object */ = {
			isa = PBXProject;
			attributes = {
				BuildIndependentTargetsInParallel = 1;
				LastSwiftUpdateCheck = 1410;
				LastUpgradeCheck = 1410;
				TargetAttributes = {
					C0DBB9DB294A95FD0074FB73 = {
						CreatedOnToolsVersion = 14.1;
					};
					C0DBB9EC294A96010074FB73 = {
						CreatedOnToolsVersion = 14.1;
						TestTargetID = C0DBB9DB294A95FD0074FB73;
					};
					C0DBB9F6294A96020074FB73 = {
						CreatedOnToolsVersion = 14.1;
						TestTargetID = C0DBB9DB294A95FD0074FB73;
					};
				};
			};
			buildConfigurationList = C0DBB9D7294A95FD0074FB73 /* Build configuration list for PBXProject "Quick notes" */;
			compatibilityVersion = "Xcode 14.0";
			developmentRegion = en;
			hasScannedForEncodings = 0;
			knownRegions = (
				en,
				Base,
			);
			mainGroup = C0DBB9D3294A95FD0074FB73;
			productRefGroup = C0DBB9DD294A95FD0074FB73 /* Products */;
			projectDirPath = "";
			projectRoot = "";
			targets = (
				C0DBB9DB294A95FD0074FB73 /* Quick notes */,
				C0DBB9EC294A96010074FB73 /* Quick notesTests */,
				C0DBB9F6294A96020074FB73 /* Quick notesUITests */,
			);
		};
/* End PBXProject section */

/* Begin PBXResourcesBuildPhase section */
		C0DBB9DA294A95FD0074FB73 /* Resources */ = {
			isa = PBXResourcesBuildPhase;
			buildActionMask = 2147483647;
			files = (
				C0DBB9E4294A96010074FB73 /* Assets.xcassets in Resources */,
				C0DBB9E7294A96010074FB73 /* Main.storyboard in Resources */,
			);
			runOnlyForDeploymentPostprocessing = 0;
		};
		C0DBB9EB294A96010074FB73 /* Resources */ = {
			isa = PBXResourcesBuildPhase;
			buildActionMask = 2147483647;
			files = (
			);
			runOnlyForDeploymentPostprocessing = 0;
		};
		C0DBB9F5294A96020074FB73 /* Resources */ = {
			isa = PBXResourcesBuildPhase;
			buildActionMask = 2147483647;
			files = (
			);
			runOnlyForDeploymentPostprocessing = 0;
		};
/* End PBXResourcesBuildPhase section */

/* Begin PBXSourcesBuildPhase section */
		C0DBB9D8294A95FD0074FB73 /* Sources */ = {
			isa = PBXSourcesBuildPhase;
			buildActionMask = 2147483647;
			files = (
				C0DBB9E2294A95FD0074FB73 /* ViewController.swift in Sources */,
				C0DBB9E0294A95FD0074FB73 /* AppDelegate.swift in Sources */,
			);
			runOnlyForDeploymentPostprocessing = 0;
		};
		C0DBB9E9294A96010074FB73 /* Sources */ = {
			isa = PBXSourcesBuildPhase;
			buildActionMask = 2147483647;
			files = (
				C0DBB9F2294A96010074FB73 /* Quick_notesTests.swift in Sources */,
			);
			runOnlyForDeploymentPostprocessing = 0;
		};
		C0DBB9F3294A96020074FB73 /* Sources */ = {
			isa = PBXSourcesBuildPhase;
			buildActionMask = 2147483647;
			files = (
				C0DBB9FE294A96020074FB73 /* Quick_notesUITestsLaunchTests.swift in Sources */,
				C0DBB9FC294A96020074FB73 /* Quick_notesUITests.swift in Sources */,
			);
			runOnlyForDeploymentPostprocessing = 0;
		};
/* End PBXSourcesBuildPhase section */

/* Begin PBXTargetDependency section */
		C0DBB9EF294A96010074FB73 /* PBXTargetDependency */ = {
			isa = PBXTargetDependency;
			target = C0DBB9DB294A95FD0074FB73 /* Quick notes */;
			targetProxy = C0DBB9EE294A96010074FB73 /* PBXContainerItemProxy */;
		};
		C0DBB9F9294A96020074FB73 /* PBXTargetDependency */ = {
			isa = PBXTargetDependency;
			target = C0DBB9DB294A95FD0074FB73 /* Quick notes */;
			targetProxy = C0DBB9F8294A96020074FB73 /* PBXContainerItemProxy */;
		};
/* End PBXTargetDependency section */

/* Begin PBXVariantGroup section */
		C0DBB9E5294A96010074FB73 /* Main.storyboard */ = {
			isa = PBXVariantGroup;
			children = (
				C0DBB9E6294A96010074FB73 /* Base */,
			);
			name = Main.storyboard;
			sourceTree = "<group>";
		};
/* End PBXVariantGroup section */

/* Begin XCBuildConfiguration section */
		C0DBB9FF294A96020074FB73 /* Debug */ = {
			isa = XCBuildConfiguration;
			buildSettings = {
				ALWAYS_SEARCH_USER_PATHS = NO;
				CLANG_ANALYZER_NONNULL = YES;
				CLANG_ANALYZER_NUMBER_OBJECT_CONVERSION = YES_AGGRESSIVE;
				CLANG_CXX_LANGUAGE_STANDARD = "gnu++20";
				CLANG_ENABLE_MODULES = YES;
				CLANG_ENABLE_OBJC_ARC = YES;
				CLANG_ENABLE_OBJC_WEAK = YES;
				CLANG_WARN_BLOCK_CAPTURE_AUTORELEASING = YES;
				CLANG_WARN_BOOL_CONVERSION = YES;
				CLANG_WARN_COMMA = YES;
				CLANG_WARN_CONSTANT_CONVERSION = YES;
				CLANG_WARN_DEPRECATED_OBJC_IMPLEMENTATIONS = YES;
				CLANG_WARN_DIRECT_OBJC_ISA_USAGE = YES_ERROR;
				CLANG_WARN_DOCUMENTATION_COMMENTS = YES;
				CLANG_WARN_EMPTY_BODY = YES;
				CLANG_WARN_ENUM_CONVERSION = YES;
				CLANG_WARN_INFINITE_RECURSION = YES;
				CLANG_WARN_INT_CONVERSION = YES;
				CLANG_WARN_NON_LITERAL_NULL_CONVERSION = YES;
				CLANG_WARN_OBJC_IMPLICIT_RETAIN_SELF = YES;
				CLANG_WARN_OBJC_LITERAL_CONVERSION = YES;
				CLANG_WARN_OBJC_ROOT_CLASS = YES_ERROR;
				CLANG_WARN_QUOTED_INCLUDE_IN_FRAMEWORK_HEADER = YES;
				CLANG_WARN_RANGE_LOOP_ANALYSIS = YES;
				CLANG_WARN_STRICT_PROTOTYPES = YES;
				CLANG_WARN_SUSPICIOUS_MOVE = YES;
				CLANG_WARN_UNGUARDED_AVAILABILITY = YES_AGGRESSIVE;
				CLANG_WARN_UNREACHABLE_CODE = YES;
				CLANG_WARN__DUPLICATE_METHOD_MATCH = YES;
				COPY_PHASE_STRIP = NO;
				DEBUG_INFORMATION_FORMAT = dwarf;
				ENABLE_STRICT_OBJC_MSGSEND = YES;
				ENABLE_TESTABILITY = YES;
				GCC_C_LANGUAGE_STANDARD = gnu11;
				GCC_DYNAMIC_NO_PIC = NO;
				GCC_NO_COMMON_BLOCKS = YES;
				GCC_OPTIMIZATION_LEVEL = 0;
				GCC_PREPROCESSOR_DEFINITIONS = (
					"DEBUG=1",
					"$(inherited)",
				);
				GCC_WARN_64_TO_32_BIT_CONVERSION = YES;
				GCC_WARN_ABOUT_RETURN_TYPE = YES_ERROR;
				GCC_WARN_UNDECLARED_SELECTOR = YES;
				GCC_WARN_UNINITIALIZED_AUTOS = YES_AGGRESSIVE;
				GCC_WARN_UNUSED_FUNCTION = YES;
				GCC_WARN_UNUSED_VARIABLE = YES;
				MACOSX_DEPLOYMENT_TARGET = 13.0;
				MTL_ENABLE_DEBUG_INFO = INCLUDE_SOURCE;
				MTL_FAST_MATH = YES;
				ONLY_ACTIVE_ARCH = YES;
				SDKROOT = macosx;
				SWIFT_ACTIVE_COMPILATION_CONDITIONS = DEBUG;
				SWIFT_OPTIMIZATION_LEVEL = "-Onone";
			};
			name = Debug;
		};
		C0DBBA00294A96020074FB73 /* Release */ = {
			isa = XCBuildConfiguration;
			buildSettings = {
				ALWAYS_SEARCH_USER_PATHS = NO;
				CLANG_ANALYZER_NONNULL = YES;
				CLANG_ANALYZER_NUMBER_OBJECT_CONVERSION = YES_AGGRESSIVE;
				CLANG_CXX_LANGUAGE_STANDARD = "gnu++20";
				CLANG_ENABLE_MODULES = YES;
				CLANG_ENABLE_OBJC_ARC = YES;
				CLANG_ENABLE_OBJC_WEAK = YES;
				CLANG_WARN_BLOCK_CAPTURE_AUTORELEASING = YES;
				CLANG_WARN_BOOL_CONVERSION = YES;
				CLANG_WARN_COMMA = YES;
				CLANG_WARN_CONSTANT_CONVERSION = YES;
				CLANG_WARN_DEPRECATED_OBJC_IMPLEMENTATIONS = YES;
				CLANG_WARN_DIRECT_OBJC_ISA_USAGE = YES_ERROR;
				CLANG_WARN_DOCUMENTATION_COMMENTS = YES;
				CLANG_WARN_EMPTY_BODY = YES;
				CLANG_WARN_ENUM_CONVERSION = YES;
				CLANG_WARN_INFINITE_RECURSION = YES;
				CLANG_WARN_INT_CONVERSION = YES;
				CLANG_WARN_NON_LITERAL_NULL_CONVERSION = YES;
				CLANG_WARN_OBJC_IMPLICIT_RETAIN_SELF = YES;
				CLANG_WARN_OBJC_LITERAL_CONVERSION = YES;
				CLANG_WARN_OBJC_ROOT_CLASS = YES_ERROR;
				CLANG_WARN_QUOTED_INCLUDE_IN_FRAMEWORK_HEADER = YES;
				CLANG_WARN_RANGE_LOOP_ANALYSIS = YES;
				CLANG_WARN_STRICT_PROTOTYPES = YES;
				CLANG_WARN_SUSPICIOUS_MOVE = YES;
				CLANG_WARN_UNGUARDED_AVAILABILITY = YES_AGGRESSIVE;
				CLANG_WARN_UNREACHABLE_CODE = YES;
				CLANG_WARN__DUPLICATE_METHOD_MATCH = YES;
				COPY_PHASE_STRIP = NO;
				DEBUG_INFORMATION_FORMAT = "dwarf-with-dsym";
				ENABLE_NS_ASSERTIONS = NO;
				ENABLE_STRICT_OBJC_MSGSEND = YES;
				GCC_C_LANGUAGE_STANDARD = gnu11;
				GCC_NO_COMMON_BLOCKS = YES;
				GCC_WARN_64_TO_32_BIT_CONVERSION = YES;
				GCC_WARN_ABOUT_RETURN_TYPE = YES_ERROR;
				GCC_WARN_UNDECLARED_SELECTOR = YES;
				GCC_WARN_UNINITIALIZED_AUTOS = YES_AGGRESSIVE;
				GCC_WARN_UNUSED_FUNCTION = YES;
				GCC_WARN_UNUSED_VARIABLE = YES;
				MACOSX_DEPLOYMENT_TARGET = 13.0;
				MTL_ENABLE_DEBUG_INFO = NO;
				MTL_FAST_MATH = YES;
				SDKROOT = macosx;
				SWIFT_COMPILATION_MODE = wholemodule;
				SWIFT_OPTIMIZATION_LEVEL = "-O";
			};
			name = Release;
		};
		C0DBBA02294A96020074FB73 /* Debug */ = {
			isa = XCBuildConfiguration;
			buildSettings = {
				ASSETCATALOG_COMPILER_APPICON_NAME = AppIcon;
				ASSETCATALOG_COMPILER_GLOBAL_ACCENT_COLOR_NAME = AccentColor;
				CODE_SIGN_ENTITLEMENTS = "Quick notes/Quick_notes.entitlements";
				CODE_SIGN_STYLE = Automatic;
				COMBINE_HIDPI_IMAGES = YES;
				CURRENT_PROJECT_VERSION = 1;
				DEVELOPMENT_TEAM = 9FH43MP52R;
				ENABLE_HARDENED_RUNTIME = YES;
				GENERATE_INFOPLIST_FILE = YES;
				INFOPLIST_KEY_NSHumanReadableCopyright = "";
				INFOPLIST_KEY_NSMainStoryboardFile = Main;
				INFOPLIST_KEY_NSPrincipalClass = NSApplication;
				LD_RUNPATH_SEARCH_PATHS = (
					"$(inherited)",
					"@executable_path/../Frameworks",
				);
				MARKETING_VERSION = 1.0;
				PRODUCT_BUNDLE_IDENTIFIER = "nilon123456789.Quick-notes";
				PRODUCT_NAME = "$(TARGET_NAME)";
				SWIFT_EMIT_LOC_STRINGS = YES;
				SWIFT_VERSION = 5.0;
			};
			name = Debug;
		};
		C0DBBA03294A96020074FB73 /* Release */ = {
			isa = XCBuildConfiguration;
			buildSettings = {
				ASSETCATALOG_COMPILER_APPICON_NAME = AppIcon;
				ASSETCATALOG_COMPILER_GLOBAL_ACCENT_COLOR_NAME = AccentColor;
				CODE_SIGN_ENTITLEMENTS = "Quick notes/Quick_notes.entitlements";
				CODE_SIGN_STYLE = Automatic;
				COMBINE_HIDPI_IMAGES = YES;
				CURRENT_PROJECT_VERSION = 1;
				DEVELOPMENT_TEAM = 9FH43MP52R;
				ENABLE_HARDENED_RUNTIME = YES;
				GENERATE_INFOPLIST_FILE = YES;
				INFOPLIST_KEY_NSHumanReadableCopyright = "";
				INFOPLIST_KEY_NSMainStoryboardFile = Main;
				INFOPLIST_KEY_NSPrincipalClass = NSApplication;
				LD_RUNPATH_SEARCH_PATHS = (
					"$(inherited)",
					"@executable_path/../Frameworks",
				);
				MARKETING_VERSION = 1.0;
				PRODUCT_BUNDLE_IDENTIFIER = "nilon123456789.Quick-notes";
				PRODUCT_NAME = "$(TARGET_NAME)";
				SWIFT_EMIT_LOC_STRINGS = YES;
				SWIFT_VERSION = 5.0;
			};
			name = Release;
		};
		C0DBBA05294A96020074FB73 /* Debug */ = {
			isa = XCBuildConfiguration;
			buildSettings = {
				ALWAYS_EMBED_SWIFT_STANDARD_LIBRARIES = YES;
				BUNDLE_LOADER = "$(TEST_HOST)";
				CODE_SIGN_STYLE = Automatic;
				CURRENT_PROJECT_VERSION = 1;
				DEVELOPMENT_TEAM = 9FH43MP52R;
				GENERATE_INFOPLIST_FILE = YES;
				MACOSX_DEPLOYMENT_TARGET = 13.0;
				MARKETING_VERSION = 1.0;
				PRODUCT_BUNDLE_IDENTIFIER = "nilon123456789.Quick-notesTests";
				PRODUCT_NAME = "$(TARGET_NAME)";
				SWIFT_EMIT_LOC_STRINGS = NO;
				SWIFT_VERSION = 5.0;
				TEST_HOST = "$(BUILT_PRODUCTS_DIR)/Quick notes.app/$(BUNDLE_EXECUTABLE_FOLDER_PATH)/Quick notes";
			};
			name = Debug;
		};
		C0DBBA06294A96020074FB73 /* Release */ = {
			isa = XCBuildConfiguration;
			buildSettings = {
				ALWAYS_EMBED_SWIFT_STANDARD_LIBRARIES = YES;
				BUNDLE_LOADER = "$(TEST_HOST)";
				CODE_SIGN_STYLE = Automatic;
				CURRENT_PROJECT_VERSION = 1;
				DEVELOPMENT_TEAM = 9FH43MP52R;
				GENERATE_INFOPLIST_FILE = YES;
				MACOSX_DEPLOYMENT_TARGET = 13.0;
				MARKETING_VERSION = 1.0;
				PRODUCT_BUNDLE_IDENTIFIER = "nilon123456789.Quick-notesTests";
				PRODUCT_NAME = "$(TARGET_NAME)";
				SWIFT_EMIT_LOC_STRINGS = NO;
				SWIFT_VERSION = 5.0;
				TEST_HOST = "$(BUILT_PRODUCTS_DIR)/Quick notes.app/$(BUNDLE_EXECUTABLE_FOLDER_PATH)/Quick notes";
			};
			name = Release;
		};
		C0DBBA08294A96020074FB73 /* Debug */ = {
			isa = XCBuildConfiguration;
			buildSettings = {
				ALWAYS_EMBED_SWIFT_STANDARD_LIBRARIES = YES;
				CODE_SIGN_STYLE = Automatic;
				CURRENT_PROJECT_VERSION = 1;
				DEVELOPMENT_TEAM = 9FH43MP52R;
				GENERATE_INFOPLIST_FILE = YES;
				MARKETING_VERSION = 1.0;
				PRODUCT_BUNDLE_IDENTIFIER = "nilon123456789.Quick-notesUITests";
				PRODUCT_NAME = "$(TARGET_NAME)";
				SWIFT_EMIT_LOC_STRINGS = NO;
				SWIFT_VERSION = 5.0;
				TEST_TARGET_NAME = "Quick notes";
			};
			name = Debug;
		};
		C0DBBA09294A96020074FB73 /* Release */ = {
			isa = XCBuildConfiguration;
			buildSettings = {
				ALWAYS_EMBED_SWIFT_STANDARD_LIBRARIES = YES;
				CODE_SIGN_STYLE = Automatic;
				CURRENT_PROJECT_VERSION = 1;
				DEVELOPMENT_TEAM = 9FH43MP52R;
				GENERATE_INFOPLIST_FILE = YES;
				MARKETING_VERSION = 1.0;
				PRODUCT_BUNDLE_IDENTIFIER = "nilon123456789.Quick-notesUITests";
				PRODUCT_NAME = "$(TARGET_NAME)";
				SWIFT_EMIT_LOC_STRINGS = NO;
				SWIFT_VERSION = 5.0;
				TEST_TARGET_NAME = "Quick notes";
			};
			name = Release;
		};
/* End XCBuildConfiguration section */

/* Begin XCConfigurationList section */
		C0DBB9D7294A95FD0074FB73 /* Build configuration list for PBXProject "Quick notes" */ = {
			isa = XCConfigurationList;
			buildConfigurations = (
				C0DBB9FF294A96020074FB73 /* Debug */,
				C0DBBA00294A96020074FB73 /* Release */,
			);
			defaultConfigurationIsVisible = 0;
			defaultConfigurationName = Release;
		};
		C0DBBA01294A96020074FB73 /* Build configuration list for PBXNativeTarget "Quick notes" */ = {
			isa = XCConfigurationList;
			buildConfigurations = (
				C0DBBA02294A96020074FB73 /* Debug */,
				C0DBBA03294A96020074FB73 /* Release */,
			);
			defaultConfigurationIsVisible = 0;
			defaultConfigurationName = Release;
		};
		C0DBBA04294A96020074FB73 /* Build configuration list for PBXNativeTarget "Quick notesTests" */ = {
			isa = XCConfigurationList;
			buildConfigurations = (
				C0DBBA05294A96020074FB73 /* Debug */,
				C0DBBA06294A96020074FB73 /* Release */,
			);
			defaultConfigurationIsVisible = 0;
			defaultConfigurationName = Release;
		};
		C0DBBA07294A96020074FB73 /* Build configuration list for PBXNativeTarget "Quick notesUITests" */ = {
			isa = XCConfigurationList;
			buildConfigurations = (
				C0DBBA08294A96020074FB73 /* Debug */,
				C0DBBA09294A96020074FB73 /* Release */,
			);
			defaultConfigurationIsVisible = 0;
			defaultConfigurationName = Release;
		};
/* End XCConfigurationList section */
	};
	rootObject = C0DBB9D4294A95FD0074FB73 /* Project object */;
}
