// !$*UTF8*$!
{
	archiveVersion = 1;
	classes = {
	};
	objectVersion = 56;
	objects = {

/* Begin PBXBuildFile section */
		C0C0B5F1294B611C000BF2FD /* Constant.swift in Sources */ = {isa = PBXBuildFile; fileRef = C0C0B5F0294B611C000BF2FD /* Constant.swift */; };
		C0C0B5F4294B6B4A000BF2FD /* HotKey in Frameworks */ = {isa = PBXBuildFile; productRef = C0C0B5F3294B6B4A000BF2FD /* HotKey */; };
		C0C0B5F6294BC17D000BF2FD /* Settings.swift in Sources */ = {isa = PBXBuildFile; fileRef = C0C0B5F5294BC17D000BF2FD /* Settings.swift */; };
		C0D5832A295F9FBB006BAF1C /* NoteTextView.swift in Sources */ = {isa = PBXBuildFile; fileRef = C0D58329295F9FBB006BAF1C /* NoteTextView.swift */; };
		C0D5833029611502006BAF1C /* LaunchAtLogin in Frameworks */ = {isa = PBXBuildFile; productRef = C0D5832F29611502006BAF1C /* LaunchAtLogin */; };
		C0DBB9E0294A95FD0074FB73 /* AppDelegate.swift in Sources */ = {isa = PBXBuildFile; fileRef = C0DBB9DF294A95FD0074FB73 /* AppDelegate.swift */; };
		C0DBB9E2294A95FD0074FB73 /* ViewController.swift in Sources */ = {isa = PBXBuildFile; fileRef = C0DBB9E1294A95FD0074FB73 /* ViewController.swift */; };
		C0DBB9E4294A96010074FB73 /* Assets.xcassets in Resources */ = {isa = PBXBuildFile; fileRef = C0DBB9E3294A96010074FB73 /* Assets.xcassets */; };
		C0DBB9E7294A96010074FB73 /* Main.storyboard in Resources */ = {isa = PBXBuildFile; fileRef = C0DBB9E5294A96010074FB73 /* Main.storyboard */; };
		C0DD4880294AA0DE0017D07A /* Util.swift in Sources */ = {isa = PBXBuildFile; fileRef = C0DD487F294AA0DE0017D07A /* Util.swift */; };
		C0DD4885294AA2320017D07A /* PreferenceViewController.swift in Sources */ = {isa = PBXBuildFile; fileRef = C0DD4884294AA2320017D07A /* PreferenceViewController.swift */; };
		C0DD4887294AA5A00017D07A /* PreferenceWindowController.swift in Sources */ = {isa = PBXBuildFile; fileRef = C0DD4886294AA5A00017D07A /* PreferenceWindowController.swift */; };
		C0DD4889294ABFFC0017D07A /* AllNotesWindowController.swift in Sources */ = {isa = PBXBuildFile; fileRef = C0DD4888294ABFFC0017D07A /* AllNotesWindowController.swift */; };
		C0DD488D294AC0160017D07A /* AllNotesViewController.swift in Sources */ = {isa = PBXBuildFile; fileRef = C0DD488B294AC0160017D07A /* AllNotesViewController.swift */; };
		C0DD4890294AC7660017D07A /* NoteWindowController.swift in Sources */ = {isa = PBXBuildFile; fileRef = C0DD488F294AC7660017D07A /* NoteWindowController.swift */; };
		C0DD4892294AC77C0017D07A /* NoteViewController.swift in Sources */ = {isa = PBXBuildFile; fileRef = C0DD4891294AC77C0017D07A /* NoteViewController.swift */; };
/* End PBXBuildFile section */

/* Begin PBXFileReference section */
		C0C0B5F0294B611C000BF2FD /* Constant.swift */ = {isa = PBXFileReference; lastKnownFileType = sourcecode.swift; path = Constant.swift; sourceTree = "<group>"; };
		C0C0B5F5294BC17D000BF2FD /* Settings.swift */ = {isa = PBXFileReference; lastKnownFileType = sourcecode.swift; path = Settings.swift; sourceTree = "<group>"; };
		C0D58329295F9FBB006BAF1C /* NoteTextView.swift */ = {isa = PBXFileReference; lastKnownFileType = sourcecode.swift; path = NoteTextView.swift; sourceTree = "<group>"; };
		C0D5832B296097AC006BAF1C /* Quick-notes-Info.plist */ = {isa = PBXFileReference; lastKnownFileType = text.plist; path = "Quick-notes-Info.plist"; sourceTree = SOURCE_ROOT; };
		C0DBB9DC294A95FD0074FB73 /* Quick notes.app */ = {isa = PBXFileReference; explicitFileType = wrapper.application; includeInIndex = 0; path = "Quick notes.app"; sourceTree = BUILT_PRODUCTS_DIR; };
		C0DBB9DF294A95FD0074FB73 /* AppDelegate.swift */ = {isa = PBXFileReference; lastKnownFileType = sourcecode.swift; path = AppDelegate.swift; sourceTree = "<group>"; };
		C0DBB9E1294A95FD0074FB73 /* ViewController.swift */ = {isa = PBXFileReference; lastKnownFileType = sourcecode.swift; path = ViewController.swift; sourceTree = "<group>"; };
		C0DBB9E3294A96010074FB73 /* Assets.xcassets */ = {isa = PBXFileReference; lastKnownFileType = folder.assetcatalog; path = Assets.xcassets; sourceTree = "<group>"; };
		C0DBB9E6294A96010074FB73 /* Base */ = {isa = PBXFileReference; lastKnownFileType = file.storyboard; name = Base; path = Base.lproj/Main.storyboard; sourceTree = "<group>"; };
		C0DBB9E8294A96010074FB73 /* Quick_notes.entitlements */ = {isa = PBXFileReference; lastKnownFileType = text.plist.entitlements; path = Quick_notes.entitlements; sourceTree = "<group>"; };
		C0DD487F294AA0DE0017D07A /* Util.swift */ = {isa = PBXFileReference; lastKnownFileType = sourcecode.swift; path = Util.swift; sourceTree = "<group>"; };
		C0DD4884294AA2320017D07A /* PreferenceViewController.swift */ = {isa = PBXFileReference; lastKnownFileType = sourcecode.swift; path = PreferenceViewController.swift; sourceTree = "<group>"; };
		C0DD4886294AA5A00017D07A /* PreferenceWindowController.swift */ = {isa = PBXFileReference; lastKnownFileType = sourcecode.swift; path = PreferenceWindowController.swift; sourceTree = "<group>"; };
		C0DD4888294ABFFC0017D07A /* AllNotesWindowController.swift */ = {isa = PBXFileReference; lastKnownFileType = sourcecode.swift; path = AllNotesWindowController.swift; sourceTree = "<group>"; };
		C0DD488B294AC0160017D07A /* AllNotesViewController.swift */ = {isa = PBXFileReference; lastKnownFileType = sourcecode.swift; path = AllNotesViewController.swift; sourceTree = "<group>"; };
		C0DD488F294AC7660017D07A /* NoteWindowController.swift */ = {isa = PBXFileReference; lastKnownFileType = sourcecode.swift; path = NoteWindowController.swift; sourceTree = "<group>"; };
		C0DD4891294AC77C0017D07A /* NoteViewController.swift */ = {isa = PBXFileReference; lastKnownFileType = sourcecode.swift; path = NoteViewController.swift; sourceTree = "<group>"; };
/* End PBXFileReference section */

/* Begin PBXFrameworksBuildPhase section */
		C0DBB9D9294A95FD0074FB73 /* Frameworks */ = {
			isa = PBXFrameworksBuildPhase;
			buildActionMask = 2147483647;
			files = (
				C0D5833029611502006BAF1C /* LaunchAtLogin in Frameworks */,
				C0C0B5F4294B6B4A000BF2FD /* HotKey in Frameworks */,
			);
			runOnlyForDeploymentPostprocessing = 0;
		};
/* End PBXFrameworksBuildPhase section */

/* Begin PBXGroup section */
		C0DBB9D3294A95FD0074FB73 = {
			isa = PBXGroup;
			children = (
				C0DBB9DE294A95FD0074FB73 /* Quick notes */,
				C0DBB9DD294A95FD0074FB73 /* Products */,
			);
			sourceTree = "<group>";
		};
		C0DBB9DD294A95FD0074FB73 /* Products */ = {
			isa = PBXGroup;
			children = (
				C0DBB9DC294A95FD0074FB73 /* Quick notes.app */,
			);
			name = Products;
			sourceTree = "<group>";
		};
		C0DBB9DE294A95FD0074FB73 /* Quick notes */ = {
			isa = PBXGroup;
			children = (
				C0D5832B296097AC006BAF1C /* Quick-notes-Info.plist */,
				C0DBB9DF294A95FD0074FB73 /* AppDelegate.swift */,
				C0C0B5F0294B611C000BF2FD /* Constant.swift */,
				C0DBB9E1294A95FD0074FB73 /* ViewController.swift */,
				C0DBB9E3294A96010074FB73 /* Assets.xcassets */,
				C0DBB9E5294A96010074FB73 /* Main.storyboard */,
				C0DD4893294AC7850017D07A /* Note */,
				C0DD4883294AA1570017D07A /* Preference */,
				C0DD487F294AA0DE0017D07A /* Util.swift */,
				C0DD488A294AC0000017D07A /* AllNotes */,
				C0DBB9E8294A96010074FB73 /* Quick_notes.entitlements */,
				C0C0B5F5294BC17D000BF2FD /* Settings.swift */,
			);
			path = "Quick notes";
			sourceTree = "<group>";
		};
		C0DD4883294AA1570017D07A /* Preference */ = {
			isa = PBXGroup;
			children = (
				C0DD4884294AA2320017D07A /* PreferenceViewController.swift */,
				C0DD4886294AA5A00017D07A /* PreferenceWindowController.swift */,
			);
			path = Preference;
			sourceTree = "<group>";
		};
		C0DD488A294AC0000017D07A /* AllNotes */ = {
			isa = PBXGroup;
			children = (
				C0DD4888294ABFFC0017D07A /* AllNotesWindowController.swift */,
				C0DD488B294AC0160017D07A /* AllNotesViewController.swift */,
			);
			path = AllNotes;
			sourceTree = "<group>";
		};
		C0DD4893294AC7850017D07A /* Note */ = {
			isa = PBXGroup;
			children = (
				C0DD488F294AC7660017D07A /* NoteWindowController.swift */,
				C0DD4891294AC77C0017D07A /* NoteViewController.swift */,
				C0D58329295F9FBB006BAF1C /* NoteTextView.swift */,
			);
			path = Note;
			sourceTree = "<group>";
		};
/* End PBXGroup section */

/* Begin PBXNativeTarget section */
		C0DBB9DB294A95FD0074FB73 /* Quick notes */ = {
			isa = PBXNativeTarget;
			buildConfigurationList = C0DBBA01294A96020074FB73 /* Build configuration list for PBXNativeTarget "Quick notes" */;
			buildPhases = (
				C0DBB9D8294A95FD0074FB73 /* Sources */,
				C0DBB9D9294A95FD0074FB73 /* Frameworks */,
				C0DBB9DA294A95FD0074FB73 /* Resources */,
				C0D5833129611513006BAF1C /* Copy “Launch at Login Helper” */,
			);
			buildRules = (
			);
			dependencies = (
			);
			name = "Quick notes";
			packageProductDependencies = (
				C0C0B5F3294B6B4A000BF2FD /* HotKey */,
				C0D5832F29611502006BAF1C /* LaunchAtLogin */,
			);
			productName = "Quick notes";
			productReference = C0DBB9DC294A95FD0074FB73 /* Quick notes.app */;
			productType = "com.apple.product-type.application";
		};
/* End PBXNativeTarget section */

/* Begin PBXProject section */
		C0DBB9D4294A95FD0074FB73 /* Project object */ = {
			isa = PBXProject;
			attributes = {
				BuildIndependentTargetsInParallel = 1;
				LastSwiftUpdateCheck = 1410;
				LastUpgradeCheck = 1410;
				TargetAttributes = {
					C0DBB9DB294A95FD0074FB73 = {
						CreatedOnToolsVersion = 14.1;
					};
				};
			};
			buildConfigurationList = C0DBB9D7294A95FD0074FB73 /* Build configuration list for PBXProject "Quick notes" */;
			compatibilityVersion = "Xcode 14.0";
			developmentRegion = en;
			hasScannedForEncodings = 0;
			knownRegions = (
				en,
				Base,
			);
			mainGroup = C0DBB9D3294A95FD0074FB73;
			packageReferences = (
				C0C0B5F2294B6B4A000BF2FD /* XCRemoteSwiftPackageReference "HotKey" */,
				C0D5832E29611502006BAF1C /* XCRemoteSwiftPackageReference "LaunchAtLogin" */,
			);
			productRefGroup = C0DBB9DD294A95FD0074FB73 /* Products */;
			projectDirPath = "";
			projectRoot = "";
			targets = (
				C0DBB9DB294A95FD0074FB73 /* Quick notes */,
			);
		};
/* End PBXProject section */

/* Begin PBXResourcesBuildPhase section */
		C0DBB9DA294A95FD0074FB73 /* Resources */ = {
			isa = PBXResourcesBuildPhase;
			buildActionMask = 2147483647;
			files = (
				C0DBB9E4294A96010074FB73 /* Assets.xcassets in Resources */,
				C0DBB9E7294A96010074FB73 /* Main.storyboard in Resources */,
			);
			runOnlyForDeploymentPostprocessing = 0;
		};
/* End PBXResourcesBuildPhase section */

/* Begin PBXShellScriptBuildPhase section */
		C0D5833129611513006BAF1C /* Copy “Launch at Login Helper” */ = {
			isa = PBXShellScriptBuildPhase;
			alwaysOutOfDate = 1;
			buildActionMask = 2147483647;
			files = (
			);
			inputFileListPaths = (
			);
			inputPaths = (
			);
			name = "Copy “Launch at Login Helper”";
			outputFileListPaths = (
			);
			outputPaths = (
			);
			runOnlyForDeploymentPostprocessing = 0;
			shellPath = /bin/sh;
			shellScript = "# Type a script or drag a script file from your workspace to insert its path.\n\"${BUILT_PRODUCTS_DIR}/LaunchAtLogin_LaunchAtLogin.bundle/Contents/Resources/copy-helper-swiftpm.sh\"\n";
		};
/* End PBXShellScriptBuildPhase section */

/* Begin PBXSourcesBuildPhase section */
		C0DBB9D8294A95FD0074FB73 /* Sources */ = {
			isa = PBXSourcesBuildPhase;
			buildActionMask = 2147483647;
			files = (
				C0DD4887294AA5A00017D07A /* PreferenceWindowController.swift in Sources */,
				C0DD488D294AC0160017D07A /* AllNotesViewController.swift in Sources */,
				C0DBB9E2294A95FD0074FB73 /* ViewController.swift in Sources */,
				C0DD4880294AA0DE0017D07A /* Util.swift in Sources */,
				C0DD4892294AC77C0017D07A /* NoteViewController.swift in Sources */,
				C0DBB9E0294A95FD0074FB73 /* AppDelegate.swift in Sources */,
				C0DD4885294AA2320017D07A /* PreferenceViewController.swift in Sources */,
				C0D5832A295F9FBB006BAF1C /* NoteTextView.swift in Sources */,
				C0C0B5F1294B611C000BF2FD /* Constant.swift in Sources */,
				C0DD4889294ABFFC0017D07A /* AllNotesWindowController.swift in Sources */,
				C0C0B5F6294BC17D000BF2FD /* Settings.swift in Sources */,
				C0DD4890294AC7660017D07A /* NoteWindowController.swift in Sources */,
			);
			runOnlyForDeploymentPostprocessing = 0;
		};
/* End PBXSourcesBuildPhase section */

/* Begin PBXVariantGroup section */
		C0DBB9E5294A96010074FB73 /* Main.storyboard */ = {
			isa = PBXVariantGroup;
			children = (
				C0DBB9E6294A96010074FB73 /* Base */,
			);
			name = Main.storyboard;
			sourceTree = "<group>";
		};
/* End PBXVariantGroup section */

/* Begin XCBuildConfiguration section */
		C0DBB9FF294A96020074FB73 /* Debug */ = {
			isa = XCBuildConfiguration;
			buildSettings = {
				ALWAYS_SEARCH_USER_PATHS = NO;
				CLANG_ANALYZER_NONNULL = YES;
				CLANG_ANALYZER_NUMBER_OBJECT_CONVERSION = YES_AGGRESSIVE;
				CLANG_CXX_LANGUAGE_STANDARD = "gnu++20";
				CLANG_ENABLE_MODULES = YES;
				CLANG_ENABLE_OBJC_ARC = YES;
				CLANG_ENABLE_OBJC_WEAK = YES;
				CLANG_WARN_BLOCK_CAPTURE_AUTORELEASING = YES;
				CLANG_WARN_BOOL_CONVERSION = YES;
				CLANG_WARN_COMMA = YES;
				CLANG_WARN_CONSTANT_CONVERSION = YES;
				CLANG_WARN_DEPRECATED_OBJC_IMPLEMENTATIONS = YES;
				CLANG_WARN_DIRECT_OBJC_ISA_USAGE = YES_ERROR;
				CLANG_WARN_DOCUMENTATION_COMMENTS = YES;
				CLANG_WARN_EMPTY_BODY = YES;
				CLANG_WARN_ENUM_CONVERSION = YES;
				CLANG_WARN_INFINITE_RECURSION = YES;
				CLANG_WARN_INT_CONVERSION = YES;
				CLANG_WARN_NON_LITERAL_NULL_CONVERSION = YES;
				CLANG_WARN_OBJC_IMPLICIT_RETAIN_SELF = YES;
				CLANG_WARN_OBJC_LITERAL_CONVERSION = YES;
				CLANG_WARN_OBJC_ROOT_CLASS = YES_ERROR;
				CLANG_WARN_QUOTED_INCLUDE_IN_FRAMEWORK_HEADER = YES;
				CLANG_WARN_RANGE_LOOP_ANALYSIS = YES;
				CLANG_WARN_STRICT_PROTOTYPES = YES;
				CLANG_WARN_SUSPICIOUS_MOVE = YES;
				CLANG_WARN_UNGUARDED_AVAILABILITY = YES_AGGRESSIVE;
				CLANG_WARN_UNREACHABLE_CODE = YES;
				CLANG_WARN__DUPLICATE_METHOD_MATCH = YES;
				COPY_PHASE_STRIP = NO;
				DEBUG_INFORMATION_FORMAT = dwarf;
				ENABLE_STRICT_OBJC_MSGSEND = YES;
				ENABLE_TESTABILITY = YES;
				GCC_C_LANGUAGE_STANDARD = gnu11;
				GCC_DYNAMIC_NO_PIC = NO;
				GCC_NO_COMMON_BLOCKS = YES;
				GCC_OPTIMIZATION_LEVEL = 0;
				GCC_PREPROCESSOR_DEFINITIONS = (
					"DEBUG=1",
					"$(inherited)",
				);
				GCC_WARN_64_TO_32_BIT_CONVERSION = YES;
				GCC_WARN_ABOUT_RETURN_TYPE = YES_ERROR;
				GCC_WARN_UNDECLARED_SELECTOR = YES;
				GCC_WARN_UNINITIALIZED_AUTOS = YES_AGGRESSIVE;
				GCC_WARN_UNUSED_FUNCTION = YES;
				GCC_WARN_UNUSED_VARIABLE = YES;
				INFOPLIST_KEY_LSApplicationCategoryType = "public.app-category.productivity";
				INFOPLIST_KEY_NSHumanReadableCopyright = "Nils Lahaye";
				MACOSX_DEPLOYMENT_TARGET = 13.0;
				MTL_ENABLE_DEBUG_INFO = INCLUDE_SOURCE;
				MTL_FAST_MATH = YES;
				ONLY_ACTIVE_ARCH = YES;
				SDKROOT = macosx;
				SWIFT_ACTIVE_COMPILATION_CONDITIONS = DEBUG;
				SWIFT_OPTIMIZATION_LEVEL = "-Onone";
			};
			name = Debug;
		};
		C0DBBA00294A96020074FB73 /* Release */ = {
			isa = XCBuildConfiguration;
			buildSettings = {
				ALWAYS_SEARCH_USER_PATHS = NO;
				CLANG_ANALYZER_NONNULL = YES;
				CLANG_ANALYZER_NUMBER_OBJECT_CONVERSION = YES_AGGRESSIVE;
				CLANG_CXX_LANGUAGE_STANDARD = "gnu++20";
				CLANG_ENABLE_MODULES = YES;
				CLANG_ENABLE_OBJC_ARC = YES;
				CLANG_ENABLE_OBJC_WEAK = YES;
				CLANG_WARN_BLOCK_CAPTURE_AUTORELEASING = YES;
				CLANG_WARN_BOOL_CONVERSION = YES;
				CLANG_WARN_COMMA = YES;
				CLANG_WARN_CONSTANT_CONVERSION = YES;
				CLANG_WARN_DEPRECATED_OBJC_IMPLEMENTATIONS = YES;
				CLANG_WARN_DIRECT_OBJC_ISA_USAGE = YES_ERROR;
				CLANG_WARN_DOCUMENTATION_COMMENTS = YES;
				CLANG_WARN_EMPTY_BODY = YES;
				CLANG_WARN_ENUM_CONVERSION = YES;
				CLANG_WARN_INFINITE_RECURSION = YES;
				CLANG_WARN_INT_CONVERSION = YES;
				CLANG_WARN_NON_LITERAL_NULL_CONVERSION = YES;
				CLANG_WARN_OBJC_IMPLICIT_RETAIN_SELF = YES;
				CLANG_WARN_OBJC_LITERAL_CONVERSION = YES;
				CLANG_WARN_OBJC_ROOT_CLASS = YES_ERROR;
				CLANG_WARN_QUOTED_INCLUDE_IN_FRAMEWORK_HEADER = YES;
				CLANG_WARN_RANGE_LOOP_ANALYSIS = YES;
				CLANG_WARN_STRICT_PROTOTYPES = YES;
				CLANG_WARN_SUSPICIOUS_MOVE = YES;
				CLANG_WARN_UNGUARDED_AVAILABILITY = YES_AGGRESSIVE;
				CLANG_WARN_UNREACHABLE_CODE = YES;
				CLANG_WARN__DUPLICATE_METHOD_MATCH = YES;
				COPY_PHASE_STRIP = NO;
				DEBUG_INFORMATION_FORMAT = "dwarf-with-dsym";
				ENABLE_NS_ASSERTIONS = NO;
				ENABLE_STRICT_OBJC_MSGSEND = YES;
				GCC_C_LANGUAGE_STANDARD = gnu11;
				GCC_NO_COMMON_BLOCKS = YES;
				GCC_WARN_64_TO_32_BIT_CONVERSION = YES;
				GCC_WARN_ABOUT_RETURN_TYPE = YES_ERROR;
				GCC_WARN_UNDECLARED_SELECTOR = YES;
				GCC_WARN_UNINITIALIZED_AUTOS = YES_AGGRESSIVE;
				GCC_WARN_UNUSED_FUNCTION = YES;
				GCC_WARN_UNUSED_VARIABLE = YES;
				INFOPLIST_KEY_LSApplicationCategoryType = "public.app-category.productivity";
				INFOPLIST_KEY_NSHumanReadableCopyright = "Nils Lahaye";
				MACOSX_DEPLOYMENT_TARGET = 13.0;
				MTL_ENABLE_DEBUG_INFO = NO;
				MTL_FAST_MATH = YES;
				SDKROOT = macosx;
				SWIFT_COMPILATION_MODE = wholemodule;
				SWIFT_OPTIMIZATION_LEVEL = "-O";
			};
			name = Release;
		};
		C0DBBA02294A96020074FB73 /* Debug */ = {
			isa = XCBuildConfiguration;
			buildSettings = {
				ASSETCATALOG_COMPILER_APPICON_NAME = AppIcon;
				ASSETCATALOG_COMPILER_GLOBAL_ACCENT_COLOR_NAME = AccentColor;
				CODE_SIGN_ENTITLEMENTS = "Quick notes/Quick_notes.entitlements";
				"CODE_SIGN_IDENTITY[sdk=macosx*]" = "-";
				CODE_SIGN_STYLE = Automatic;
				COMBINE_HIDPI_IMAGES = YES;
				CURRENT_PROJECT_VERSION = 1;
				DEVELOPMENT_TEAM = 9FH43MP52R;
				ENABLE_HARDENED_RUNTIME = YES;
				GENERATE_INFOPLIST_FILE = YES;
				INFOPLIST_FILE = "Quick-notes-Info.plist";
				INFOPLIST_KEY_CFBundleDisplayName = "Quick Notes";
				INFOPLIST_KEY_LSApplicationCategoryType = "public.app-category.productivity";
				INFOPLIST_KEY_LSUIElement = YES;
				INFOPLIST_KEY_NSHumanReadableCopyright = "Nils Lahaye";
				INFOPLIST_KEY_NSMainStoryboardFile = Main;
				INFOPLIST_KEY_NSPrincipalClass = NSApplication;
				LD_RUNPATH_SEARCH_PATHS = (
					"$(inherited)",
					"@executable_path/../Frameworks",
				);
				MACOSX_DEPLOYMENT_TARGET = 11.0;
				MARKETING_VERSION = 1.0;
				PRODUCT_BUNDLE_IDENTIFIER = "nilon123456789.Quick-notes";
				PRODUCT_NAME = "$(TARGET_NAME)";
				SWIFT_EMIT_LOC_STRINGS = YES;
				SWIFT_VERSION = 5.0;
			};
			name = Debug;
		};
		C0DBBA03294A96020074FB73 /* Release */ = {
			isa = XCBuildConfiguration;
			buildSettings = {
				ASSETCATALOG_COMPILER_APPICON_NAME = AppIcon;
				ASSETCATALOG_COMPILER_GLOBAL_ACCENT_COLOR_NAME = AccentColor;
				CODE_SIGN_ENTITLEMENTS = "Quick notes/Quick_notes.entitlements";
				"CODE_SIGN_IDENTITY[sdk=macosx*]" = "-";
				CODE_SIGN_STYLE = Automatic;
				COMBINE_HIDPI_IMAGES = YES;
				CURRENT_PROJECT_VERSION = 1;
				DEVELOPMENT_TEAM = 9FH43MP52R;
				ENABLE_HARDENED_RUNTIME = YES;
				GENERATE_INFOPLIST_FILE = YES;
				INFOPLIST_FILE = "Quick-notes-Info.plist";
				INFOPLIST_KEY_CFBundleDisplayName = "Quick Notes";
				INFOPLIST_KEY_LSApplicationCategoryType = "public.app-category.productivity";
				INFOPLIST_KEY_LSUIElement = YES;
				INFOPLIST_KEY_NSHumanReadableCopyright = "Nils Lahaye";
				INFOPLIST_KEY_NSMainStoryboardFile = Main;
				INFOPLIST_KEY_NSPrincipalClass = NSApplication;
				LD_RUNPATH_SEARCH_PATHS = (
					"$(inherited)",
					"@executable_path/../Frameworks",
				);
				MACOSX_DEPLOYMENT_TARGET = 11.0;
				MARKETING_VERSION = 1.0;
				PRODUCT_BUNDLE_IDENTIFIER = "nilon123456789.Quick-notes";
				PRODUCT_NAME = "$(TARGET_NAME)";
				SWIFT_EMIT_LOC_STRINGS = YES;
				SWIFT_VERSION = 5.0;
			};
			name = Release;
		};
/* End XCBuildConfiguration section */

/* Begin XCConfigurationList section */
		C0DBB9D7294A95FD0074FB73 /* Build configuration list for PBXProject "Quick notes" */ = {
			isa = XCConfigurationList;
			buildConfigurations = (
				C0DBB9FF294A96020074FB73 /* Debug */,
				C0DBBA00294A96020074FB73 /* Release */,
			);
			defaultConfigurationIsVisible = 0;
			defaultConfigurationName = Release;
		};
		C0DBBA01294A96020074FB73 /* Build configuration list for PBXNativeTarget "Quick notes" */ = {
			isa = XCConfigurationList;
			buildConfigurations = (
				C0DBBA02294A96020074FB73 /* Debug */,
				C0DBBA03294A96020074FB73 /* Release */,
			);
			defaultConfigurationIsVisible = 0;
			defaultConfigurationName = Release;
		};
/* End XCConfigurationList section */

/* Begin XCRemoteSwiftPackageReference section */
		C0C0B5F2294B6B4A000BF2FD /* XCRemoteSwiftPackageReference "HotKey" */ = {
			isa = XCRemoteSwiftPackageReference;
			repositoryURL = "https://github.com/soffes/HotKey";
			requirement = {
				branch = master;
				kind = branch;
			};
		};
		C0D5832E29611502006BAF1C /* XCRemoteSwiftPackageReference "LaunchAtLogin" */ = {
			isa = XCRemoteSwiftPackageReference;
			repositoryURL = "https://github.com/sindresorhus/LaunchAtLogin";
			requirement = {
				branch = main;
				kind = branch;
			};
		};
/* End XCRemoteSwiftPackageReference section */

/* Begin XCSwiftPackageProductDependency section */
		C0C0B5F3294B6B4A000BF2FD /* HotKey */ = {
			isa = XCSwiftPackageProductDependency;
			package = C0C0B5F2294B6B4A000BF2FD /* XCRemoteSwiftPackageReference "HotKey" */;
			productName = HotKey;
		};
		C0D5832F29611502006BAF1C /* LaunchAtLogin */ = {
			isa = XCSwiftPackageProductDependency;
			package = C0D5832E29611502006BAF1C /* XCRemoteSwiftPackageReference "LaunchAtLogin" */;
			productName = LaunchAtLogin;
		};
/* End XCSwiftPackageProductDependency section */
	};
	rootObject = C0DBB9D4294A95FD0074FB73 /* Project object */;
}
